
Microsoft Visual Studio Solution File, Format Version 12.00
# Visual Studio 15
VisualStudioVersion = 15.0.27004.2009
MinimumVisualStudioVersion = 10.0.40219.1
Project("{FAE04EC0-301F-11D3-BF4B-00C04F79EFBC}") = "Arcesoft.TicTacToe", "Arcesoft.TicTacToe\Arcesoft.TicTacToe.csproj", "{6535EE53-ABFE-4C7C-9818-D2CBC58F23F0}"
EndProject
Project("{FAE04EC0-301F-11D3-BF4B-00C04F79EFBC}") = "Arcesoft.TicTacToe.ConsoleApplication", "Arcesoft.TicTacToe.ConsoleApplication\Arcesoft.TicTacToe.ConsoleApplication.csproj", "{11BF25F4-58D5-4DA7-BA52-1866A194A4E7}"
EndProject
Global
	GlobalSection(SolutionConfigurationPlatforms) = preSolution
		Debug|Any CPU = Debug|Any CPU
		Release|Any CPU = Release|Any CPU
	EndGlobalSection
	GlobalSection(ProjectConfigurationPlatforms) = postSolution
		{6535EE53-ABFE-4C7C-9818-D2CBC58F23F0}.Debug|Any CPU.ActiveCfg = Debug|Any CPU
		{6535EE53-ABFE-4C7C-9818-D2CBC58F23F0}.Debug|Any CPU.Build.0 = Debug|Any CPU
		{6535EE53-ABFE-4C7C-9818-D2CBC58F23F0}.Release|Any CPU.ActiveCfg = Release|Any CPU
		{6535EE53-ABFE-4C7C-9818-D2CBC58F23F0}.Release|Any CPU.Build.0 = Release|Any CPU
		{11BF25F4-58D5-4DA7-BA52-1866A194A4E7}.Debug|Any CPU.ActiveCfg = Debug|Any CPU
		{11BF25F4-58D5-4DA7-BA52-1866A194A4E7}.Debug|Any CPU.Build.0 = Debug|Any CPU
		{11BF25F4-58D5-4DA7-BA52-1866A194A4E7}.Release|Any CPU.ActiveCfg = Release|Any CPU
		{11BF25F4-58D5-4DA7-BA52-1866A194A4E7}.Release|Any CPU.Build.0 = Release|Any CPU
	EndGlobalSection
	GlobalSection(SolutionProperties) = preSolution
		HideSolutionNode = FALSE
	EndGlobalSection
	GlobalSection(ExtensibilityGlobals) = postSolution
		SolutionGuid = {1AE74030-2BB4-4381-91CD-FEF30E02DFDA}
	EndGlobalSection
EndGlobal
