
Microsoft Visual Studio Solution File, Format Version 12.00
# Visual Studio 15
VisualStudioVersion = 15.0.27130.2003
MinimumVisualStudioVersion = 10.0.40219.1
Project("{FAE04EC0-301F-11D3-BF4B-00C04F79EFBC}") = "Arcesoft.TicTacToe", "Arcesoft.TicTacToe\Arcesoft.TicTacToe.csproj", "{6535EE53-ABFE-4C7C-9818-D2CBC58F23F0}"
EndProject
Project("{FAE04EC0-301F-11D3-BF4B-00C04F79EFBC}") = "Arcesoft.TicTacToe.ConsoleApplication", "Arcesoft.TicTacToe.ConsoleApplication\Arcesoft.TicTacToe.ConsoleApplication.csproj", "{11BF25F4-58D5-4DA7-BA52-1866A194A4E7}"
EndProject
Project("{FAE04EC0-301F-11D3-BF4B-00C04F79EFBC}") = "Arcesoft.TicTacToe.Common", "Arcesoft.TicTacToe.Common\Arcesoft.TicTacToe.Common.csproj", "{F9C02105-C670-4937-9E13-D57B6BDD309E}"
EndProject
Project("{2150E333-8FDC-42A3-9474-1A3956D46DE8}") = "Testing", "Testing", "{CF528FBE-4750-4BE6-9626-7791923B1267}"
EndProject
Project("{FAE04EC0-301F-11D3-BF4B-00C04F79EFBC}") = "Arcesoft.TicTacToe.NaiveTestingApproach", "Arcesoft.TicTacToe.NaiveTestingApproach\Arcesoft.TicTacToe.NaiveTestingApproach.csproj", "{4920D4FB-5B5F-4A32-BA3F-DD9799E69EF2}"
EndProject
Project("{FAE04EC0-301F-11D3-BF4B-00C04F79EFBC}") = "Arcesoft.TicTacToe.BetterTestingApproach", "Arcesoft.TicTacToe.BetterTestingApproach\Arcesoft.TicTacToe.BetterTestingApproach.csproj", "{20F93B1A-61BB-4E73-B39C-C2B533F12226}"
EndProject
Global
	GlobalSection(SolutionConfigurationPlatforms) = preSolution
		Debug|Any CPU = Debug|Any CPU
		Release|Any CPU = Release|Any CPU
	EndGlobalSection
	GlobalSection(ProjectConfigurationPlatforms) = postSolution
		{6535EE53-ABFE-4C7C-9818-D2CBC58F23F0}.Debug|Any CPU.ActiveCfg = Debug|Any CPU
		{6535EE53-ABFE-4C7C-9818-D2CBC58F23F0}.Debug|Any CPU.Build.0 = Debug|Any CPU
		{6535EE53-ABFE-4C7C-9818-D2CBC58F23F0}.Release|Any CPU.ActiveCfg = Release|Any CPU
		{6535EE53-ABFE-4C7C-9818-D2CBC58F23F0}.Release|Any CPU.Build.0 = Release|Any CPU
		{11BF25F4-58D5-4DA7-BA52-1866A194A4E7}.Debug|Any CPU.ActiveCfg = Debug|Any CPU
		{11BF25F4-58D5-4DA7-BA52-1866A194A4E7}.Debug|Any CPU.Build.0 = Debug|Any CPU
		{11BF25F4-58D5-4DA7-BA52-1866A194A4E7}.Release|Any CPU.ActiveCfg = Release|Any CPU
		{11BF25F4-58D5-4DA7-BA52-1866A194A4E7}.Release|Any CPU.Build.0 = Release|Any CPU
		{F9C02105-C670-4937-9E13-D57B6BDD309E}.Debug|Any CPU.ActiveCfg = Debug|Any CPU
		{F9C02105-C670-4937-9E13-D57B6BDD309E}.Debug|Any CPU.Build.0 = Debug|Any CPU
		{F9C02105-C670-4937-9E13-D57B6BDD309E}.Release|Any CPU.ActiveCfg = Release|Any CPU
		{F9C02105-C670-4937-9E13-D57B6BDD309E}.Release|Any CPU.Build.0 = Release|Any CPU
		{4920D4FB-5B5F-4A32-BA3F-DD9799E69EF2}.Debug|Any CPU.ActiveCfg = Debug|Any CPU
		{4920D4FB-5B5F-4A32-BA3F-DD9799E69EF2}.Debug|Any CPU.Build.0 = Debug|Any CPU
		{4920D4FB-5B5F-4A32-BA3F-DD9799E69EF2}.Release|Any CPU.ActiveCfg = Release|Any CPU
		{4920D4FB-5B5F-4A32-BA3F-DD9799E69EF2}.Release|Any CPU.Build.0 = Release|Any CPU
		{20F93B1A-61BB-4E73-B39C-C2B533F12226}.Debug|Any CPU.ActiveCfg = Debug|Any CPU
		{20F93B1A-61BB-4E73-B39C-C2B533F12226}.Debug|Any CPU.Build.0 = Debug|Any CPU
		{20F93B1A-61BB-4E73-B39C-C2B533F12226}.Release|Any CPU.ActiveCfg = Release|Any CPU
		{20F93B1A-61BB-4E73-B39C-C2B533F12226}.Release|Any CPU.Build.0 = Release|Any CPU
	EndGlobalSection
	GlobalSection(SolutionProperties) = preSolution
		HideSolutionNode = FALSE
	EndGlobalSection
	GlobalSection(NestedProjects) = preSolution
		{4920D4FB-5B5F-4A32-BA3F-DD9799E69EF2} = {CF528FBE-4750-4BE6-9626-7791923B1267}
		{20F93B1A-61BB-4E73-B39C-C2B533F12226} = {CF528FBE-4750-4BE6-9626-7791923B1267}
	EndGlobalSection
	GlobalSection(ExtensibilityGlobals) = postSolution
		SolutionGuid = {1AE74030-2BB4-4381-91CD-FEF30E02DFDA}
	EndGlobalSection
EndGlobal
